// !$*UTF8*$!
{
	archiveVersion = 1;
	classes = {
	};
	objectVersion = 50;
	objects = {

/* Begin PBXBuildFile section */
		8414F2A020BD430A002C0AE3 /* API.swift in Sources */ = {isa = PBXBuildFile; fileRef = 8414F29F20BD430A002C0AE3 /* API.swift */; };
		8435129920BD3FA500DAA0EB /* AppDelegate.swift in Sources */ = {isa = PBXBuildFile; fileRef = 8435129820BD3FA500DAA0EB /* AppDelegate.swift */; };
		8435129B20BD3FA500DAA0EB /* ViewController.swift in Sources */ = {isa = PBXBuildFile; fileRef = 8435129A20BD3FA500DAA0EB /* ViewController.swift */; };
		843512A020BD3FA600DAA0EB /* Assets.xcassets in Resources */ = {isa = PBXBuildFile; fileRef = 8435129F20BD3FA600DAA0EB /* Assets.xcassets */; };
		843512A320BD3FA600DAA0EB /* LaunchScreen.storyboard in Resources */ = {isa = PBXBuildFile; fileRef = 843512A120BD3FA600DAA0EB /* LaunchScreen.storyboard */; };
		843512AE20BD3FA600DAA0EB /* GitHubRepoSearchTests.swift in Sources */ = {isa = PBXBuildFile; fileRef = 843512AD20BD3FA600DAA0EB /* GitHubRepoSearchTests.swift */; };
		843512BA20BD41D600DAA0EB /* schema.json in Resources */ = {isa = PBXBuildFile; fileRef = 843512B920BD41D600DAA0EB /* schema.json */; };
		843512BD20BD422200DAA0EB /* Repositories.graphql in Resources */ = {isa = PBXBuildFile; fileRef = 843512BC20BD422200DAA0EB /* Repositories.graphql */; };
		84ADB16B20BD72A900EFB877 /* GraphQLService.swift in Sources */ = {isa = PBXBuildFile; fileRef = 84ADB16A20BD72A900EFB877 /* GraphQLService.swift */; };
		84ADB16D20BD731700EFB877 /* Repositiries.swift in Sources */ = {isa = PBXBuildFile; fileRef = 84ADB16C20BD731700EFB877 /* Repositiries.swift */; };
		BE875BDC847D56BFA5983B41 /* Pods_GitHubRepoSearch.framework in Frameworks */ = {isa = PBXBuildFile; fileRef = 3D53FD43BBCB0E8C89906563 /* Pods_GitHubRepoSearch.framework */; };
/* End PBXBuildFile section */

/* Begin PBXContainerItemProxy section */
		843512AA20BD3FA600DAA0EB /* PBXContainerItemProxy */ = {
			isa = PBXContainerItemProxy;
			containerPortal = 8435128D20BD3FA500DAA0EB /* Project object */;
			proxyType = 1;
			remoteGlobalIDString = 8435129420BD3FA500DAA0EB;
			remoteInfo = GitHubRepoSearch;
		};
/* End PBXContainerItemProxy section */

/* Begin PBXFileReference section */
		000CABED0E0D6DF6CD0CD996 /* Pods-GitHubRepoSearch.release.xcconfig */ = {isa = PBXFileReference; includeInIndex = 1; lastKnownFileType = text.xcconfig; name = "Pods-GitHubRepoSearch.release.xcconfig"; path = "Pods/Target Support Files/Pods-GitHubRepoSearch/Pods-GitHubRepoSearch.release.xcconfig"; sourceTree = "<group>"; };
		163AB32A73CA5F58A654F6D1 /* Pods-GitHubRepoSearch.debug.xcconfig */ = {isa = PBXFileReference; includeInIndex = 1; lastKnownFileType = text.xcconfig; name = "Pods-GitHubRepoSearch.debug.xcconfig"; path = "Pods/Target Support Files/Pods-GitHubRepoSearch/Pods-GitHubRepoSearch.debug.xcconfig"; sourceTree = "<group>"; };
		3D53FD43BBCB0E8C89906563 /* Pods_GitHubRepoSearch.framework */ = {isa = PBXFileReference; explicitFileType = wrapper.framework; includeInIndex = 0; path = Pods_GitHubRepoSearch.framework; sourceTree = BUILT_PRODUCTS_DIR; };
		8414F29F20BD430A002C0AE3 /* API.swift */ = {isa = PBXFileReference; fileEncoding = 4; lastKnownFileType = sourcecode.swift; name = API.swift; path = ../API.swift; sourceTree = "<group>"; };
		8435129520BD3FA500DAA0EB /* GitHubRepoSearch.app */ = {isa = PBXFileReference; explicitFileType = wrapper.application; includeInIndex = 0; path = GitHubRepoSearch.app; sourceTree = BUILT_PRODUCTS_DIR; };
		8435129820BD3FA500DAA0EB /* AppDelegate.swift */ = {isa = PBXFileReference; lastKnownFileType = sourcecode.swift; path = AppDelegate.swift; sourceTree = "<group>"; };
		8435129A20BD3FA500DAA0EB /* ViewController.swift */ = {isa = PBXFileReference; lastKnownFileType = sourcecode.swift; path = ViewController.swift; sourceTree = "<group>"; };
		8435129F20BD3FA600DAA0EB /* Assets.xcassets */ = {isa = PBXFileReference; lastKnownFileType = folder.assetcatalog; path = Assets.xcassets; sourceTree = "<group>"; };
		843512A220BD3FA600DAA0EB /* Base */ = {isa = PBXFileReference; lastKnownFileType = file.storyboard; name = Base; path = Base.lproj/LaunchScreen.storyboard; sourceTree = "<group>"; };
		843512A420BD3FA600DAA0EB /* Info.plist */ = {isa = PBXFileReference; lastKnownFileType = text.plist.xml; path = Info.plist; sourceTree = "<group>"; };
		843512A920BD3FA600DAA0EB /* GitHubRepoSearchTests.xctest */ = {isa = PBXFileReference; explicitFileType = wrapper.cfbundle; includeInIndex = 0; path = GitHubRepoSearchTests.xctest; sourceTree = BUILT_PRODUCTS_DIR; };
		843512AD20BD3FA600DAA0EB /* GitHubRepoSearchTests.swift */ = {isa = PBXFileReference; lastKnownFileType = sourcecode.swift; path = GitHubRepoSearchTests.swift; sourceTree = "<group>"; };
		843512AF20BD3FA600DAA0EB /* Info.plist */ = {isa = PBXFileReference; lastKnownFileType = text.plist.xml; path = Info.plist; sourceTree = "<group>"; };
		843512B920BD41D600DAA0EB /* schema.json */ = {isa = PBXFileReference; fileEncoding = 4; lastKnownFileType = text.json; name = schema.json; path = ../schema.json; sourceTree = "<group>"; };
		843512BC20BD422200DAA0EB /* Repositories.graphql */ = {isa = PBXFileReference; lastKnownFileType = text; path = Repositories.graphql; sourceTree = "<group>"; };
		84ADB16A20BD72A900EFB877 /* GraphQLService.swift */ = {isa = PBXFileReference; lastKnownFileType = sourcecode.swift; path = GraphQLService.swift; sourceTree = "<group>"; };
		84ADB16C20BD731700EFB877 /* Repositiries.swift */ = {isa = PBXFileReference; lastKnownFileType = sourcecode.swift; path = Repositiries.swift; sourceTree = "<group>"; };
/* End PBXFileReference section */

/* Begin PBXFrameworksBuildPhase section */
		8435129220BD3FA500DAA0EB /* Frameworks */ = {
			isa = PBXFrameworksBuildPhase;
			buildActionMask = 2147483647;
			files = (
				BE875BDC847D56BFA5983B41 /* Pods_GitHubRepoSearch.framework in Frameworks */,
			);
			runOnlyForDeploymentPostprocessing = 0;
		};
		843512A620BD3FA600DAA0EB /* Frameworks */ = {
			isa = PBXFrameworksBuildPhase;
			buildActionMask = 2147483647;
			files = (
			);
			runOnlyForDeploymentPostprocessing = 0;
		};
/* End PBXFrameworksBuildPhase section */

/* Begin PBXGroup section */
		8435128C20BD3FA500DAA0EB = {
			isa = PBXGroup;
			children = (
				8435129720BD3FA500DAA0EB /* GitHubRepoSearch */,
				843512AC20BD3FA600DAA0EB /* GitHubRepoSearchTests */,
				8435129620BD3FA500DAA0EB /* Products */,
				96B507D291AEFA0C09F6CEBD /* Pods */,
				E16357CE0F1C788E04A244B8 /* Frameworks */,
			);
			sourceTree = "<group>";
		};
		8435129620BD3FA500DAA0EB /* Products */ = {
			isa = PBXGroup;
			children = (
				8435129520BD3FA500DAA0EB /* GitHubRepoSearch.app */,
				843512A920BD3FA600DAA0EB /* GitHubRepoSearchTests.xctest */,
			);
			name = Products;
			sourceTree = "<group>";
		};
		8435129720BD3FA500DAA0EB /* GitHubRepoSearch */ = {
			isa = PBXGroup;
			children = (
				84ADB17220BD7C9300EFB877 /* Protocols */,
				84ADB16E20BD7BFF00EFB877 /* View */,
				843512BB20BD41E200DAA0EB /* Network */,
				8435129820BD3FA500DAA0EB /* AppDelegate.swift */,
				8435129F20BD3FA600DAA0EB /* Assets.xcassets */,
				843512A120BD3FA600DAA0EB /* LaunchScreen.storyboard */,
				843512A420BD3FA600DAA0EB /* Info.plist */,
			);
			path = GitHubRepoSearch;
			sourceTree = "<group>";
		};
		843512AC20BD3FA600DAA0EB /* GitHubRepoSearchTests */ = {
			isa = PBXGroup;
			children = (
				843512AD20BD3FA600DAA0EB /* GitHubRepoSearchTests.swift */,
				843512AF20BD3FA600DAA0EB /* Info.plist */,
			);
			path = GitHubRepoSearchTests;
			sourceTree = "<group>";
		};
		843512BB20BD41E200DAA0EB /* Network */ = {
			isa = PBXGroup;
			children = (
				843512B920BD41D600DAA0EB /* schema.json */,
				843512BC20BD422200DAA0EB /* Repositories.graphql */,
				84ADB16C20BD731700EFB877 /* Repositiries.swift */,
				8414F29F20BD430A002C0AE3 /* API.swift */,
				84ADB16A20BD72A900EFB877 /* GraphQLService.swift */,
			);
			path = Network;
			sourceTree = "<group>";
		};
		84ADB16E20BD7BFF00EFB877 /* View */ = {
			isa = PBXGroup;
			children = (
				84ADB16F20BD7C0800EFB877 /* ViewControllers */,
			);
			path = View;
			sourceTree = "<group>";
		};
		84ADB16F20BD7C0800EFB877 /* ViewControllers */ = {
			isa = PBXGroup;
			children = (
				8435129A20BD3FA500DAA0EB /* ViewController.swift */,
			);
			path = ViewControllers;
			sourceTree = "<group>";
		};
		84ADB17220BD7C9300EFB877 /* Protocols */ = {
			isa = PBXGroup;
			children = (
			);
			path = Protocols;
			sourceTree = "<group>";
		};
		96B507D291AEFA0C09F6CEBD /* Pods */ = {
			isa = PBXGroup;
			children = (
				163AB32A73CA5F58A654F6D1 /* Pods-GitHubRepoSearch.debug.xcconfig */,
				000CABED0E0D6DF6CD0CD996 /* Pods-GitHubRepoSearch.release.xcconfig */,
			);
			name = Pods;
			sourceTree = "<group>";
		};
		E16357CE0F1C788E04A244B8 /* Frameworks */ = {
			isa = PBXGroup;
			children = (
				3D53FD43BBCB0E8C89906563 /* Pods_GitHubRepoSearch.framework */,
			);
			name = Frameworks;
			sourceTree = "<group>";
		};
/* End PBXGroup section */

/* Begin PBXNativeTarget section */
		8435129420BD3FA500DAA0EB /* GitHubRepoSearch */ = {
			isa = PBXNativeTarget;
			buildConfigurationList = 843512B220BD3FA600DAA0EB /* Build configuration list for PBXNativeTarget "GitHubRepoSearch" */;
			buildPhases = (
				DD4D7152B209DA5EA9EC976A /* [CP] Check Pods Manifest.lock */,
				8435129120BD3FA500DAA0EB /* Sources */,
				8435129220BD3FA500DAA0EB /* Frameworks */,
				8435129320BD3FA500DAA0EB /* Resources */,
				2321B2B64FE346690591CE96 /* [CP] Embed Pods Frameworks */,
				843512B820BD400B00DAA0EB /* Generate GraphQL */,
			);
			buildRules = (
			);
			dependencies = (
			);
			name = GitHubRepoSearch;
			productName = GitHubRepoSearch;
			productReference = 8435129520BD3FA500DAA0EB /* GitHubRepoSearch.app */;
			productType = "com.apple.product-type.application";
		};
		843512A820BD3FA600DAA0EB /* GitHubRepoSearchTests */ = {
			isa = PBXNativeTarget;
			buildConfigurationList = 843512B520BD3FA600DAA0EB /* Build configuration list for PBXNativeTarget "GitHubRepoSearchTests" */;
			buildPhases = (
				843512A520BD3FA600DAA0EB /* Sources */,
				843512A620BD3FA600DAA0EB /* Frameworks */,
				843512A720BD3FA600DAA0EB /* Resources */,
			);
			buildRules = (
			);
			dependencies = (
				843512AB20BD3FA600DAA0EB /* PBXTargetDependency */,
			);
			name = GitHubRepoSearchTests;
			productName = GitHubRepoSearchTests;
			productReference = 843512A920BD3FA600DAA0EB /* GitHubRepoSearchTests.xctest */;
			productType = "com.apple.product-type.bundle.unit-test";
		};
/* End PBXNativeTarget section */

/* Begin PBXProject section */
		8435128D20BD3FA500DAA0EB /* Project object */ = {
			isa = PBXProject;
			attributes = {
				LastSwiftUpdateCheck = 0930;
				LastUpgradeCheck = 0930;
				ORGANIZATIONNAME = Tim;
				TargetAttributes = {
					8435129420BD3FA500DAA0EB = {
						CreatedOnToolsVersion = 9.3.1;
					};
					843512A820BD3FA600DAA0EB = {
						CreatedOnToolsVersion = 9.3.1;
						TestTargetID = 8435129420BD3FA500DAA0EB;
					};
				};
			};
			buildConfigurationList = 8435129020BD3FA500DAA0EB /* Build configuration list for PBXProject "GitHubRepoSearch" */;
			compatibilityVersion = "Xcode 9.3";
			developmentRegion = en;
			hasScannedForEncodings = 0;
			knownRegions = (
				en,
				Base,
			);
			mainGroup = 8435128C20BD3FA500DAA0EB;
			productRefGroup = 8435129620BD3FA500DAA0EB /* Products */;
			projectDirPath = "";
			projectRoot = "";
			targets = (
				8435129420BD3FA500DAA0EB /* GitHubRepoSearch */,
				843512A820BD3FA600DAA0EB /* GitHubRepoSearchTests */,
			);
		};
/* End PBXProject section */

/* Begin PBXResourcesBuildPhase section */
		8435129320BD3FA500DAA0EB /* Resources */ = {
			isa = PBXResourcesBuildPhase;
			buildActionMask = 2147483647;
			files = (
				843512BA20BD41D600DAA0EB /* schema.json in Resources */,
				843512BD20BD422200DAA0EB /* Repositories.graphql in Resources */,
				843512A320BD3FA600DAA0EB /* LaunchScreen.storyboard in Resources */,
				843512A020BD3FA600DAA0EB /* Assets.xcassets in Resources */,
			);
			runOnlyForDeploymentPostprocessing = 0;
		};
		843512A720BD3FA600DAA0EB /* Resources */ = {
			isa = PBXResourcesBuildPhase;
			buildActionMask = 2147483647;
			files = (
			);
			runOnlyForDeploymentPostprocessing = 0;
		};
/* End PBXResourcesBuildPhase section */

/* Begin PBXShellScriptBuildPhase section */
		2321B2B64FE346690591CE96 /* [CP] Embed Pods Frameworks */ = {
			isa = PBXShellScriptBuildPhase;
			buildActionMask = 2147483647;
			files = (
			);
			inputPaths = (
				"${SRCROOT}/Pods/Target Support Files/Pods-GitHubRepoSearch/Pods-GitHubRepoSearch-frameworks.sh",
				"${BUILT_PRODUCTS_DIR}/Apollo/Apollo.framework",
			);
			name = "[CP] Embed Pods Frameworks";
			outputPaths = (
				"${TARGET_BUILD_DIR}/${FRAMEWORKS_FOLDER_PATH}/Apollo.framework",
			);
			runOnlyForDeploymentPostprocessing = 0;
			shellPath = /bin/sh;
			shellScript = "\"${SRCROOT}/Pods/Target Support Files/Pods-GitHubRepoSearch/Pods-GitHubRepoSearch-frameworks.sh\"\n";
			showEnvVarsInLog = 0;
		};
		843512B820BD400B00DAA0EB /* Generate GraphQL */ = {
			isa = PBXShellScriptBuildPhase;
			buildActionMask = 2147483647;
			files = (
			);
			inputPaths = (
			);
			name = "Generate GraphQL";
			outputPaths = (
			);
			runOnlyForDeploymentPostprocessing = 0;
			shellPath = /bin/sh;
			shellScript = "APOLLO_FRAMEWORK_PATH=\"$(eval find $FRAMEWORK_SEARCH_PATHS -name \"Apollo.framework\" -maxdepth 1)\"\n\nif [ -z \"$APOLLO_FRAMEWORK_PATH\" ]; then\necho \"error: Couldn't find Apollo.framework in FRAMEWORK_SEARCH_PATHS; make sure to add the framework to your project.\"\nexit 1\nfi\n\ncd \"${SRCROOT}/${TARGET_NAME}\"\n$APOLLO_FRAMEWORK_PATH/check-and-run-apollo-codegen.sh generate $(find . -name '*.graphql') --schema schema.json --output API.swift";
		};
		DD4D7152B209DA5EA9EC976A /* [CP] Check Pods Manifest.lock */ = {
			isa = PBXShellScriptBuildPhase;
			buildActionMask = 2147483647;
			files = (
			);
			inputPaths = (
				"${PODS_PODFILE_DIR_PATH}/Podfile.lock",
				"${PODS_ROOT}/Manifest.lock",
			);
			name = "[CP] Check Pods Manifest.lock";
			outputPaths = (
				"$(DERIVED_FILE_DIR)/Pods-GitHubRepoSearch-checkManifestLockResult.txt",
			);
			runOnlyForDeploymentPostprocessing = 0;
			shellPath = /bin/sh;
			shellScript = "diff \"${PODS_PODFILE_DIR_PATH}/Podfile.lock\" \"${PODS_ROOT}/Manifest.lock\" > /dev/null\nif [ $? != 0 ] ; then\n    # print error to STDERR\n    echo \"error: The sandbox is not in sync with the Podfile.lock. Run 'pod install' or update your CocoaPods installation.\" >&2\n    exit 1\nfi\n# This output is used by Xcode 'outputs' to avoid re-running this script phase.\necho \"SUCCESS\" > \"${SCRIPT_OUTPUT_FILE_0}\"\n";
			showEnvVarsInLog = 0;
		};
/* End PBXShellScriptBuildPhase section */

/* Begin PBXSourcesBuildPhase section */
		8435129120BD3FA500DAA0EB /* Sources */ = {
			isa = PBXSourcesBuildPhase;
			buildActionMask = 2147483647;
			files = (
				8435129B20BD3FA500DAA0EB /* ViewController.swift in Sources */,
				84ADB16D20BD731700EFB877 /* Repositiries.swift in Sources */,
				8414F2A020BD430A002C0AE3 /* API.swift in Sources */,
				8435129920BD3FA500DAA0EB /* AppDelegate.swift in Sources */,
				84ADB16B20BD72A900EFB877 /* GraphQLService.swift in Sources */,
			);
			runOnlyForDeploymentPostprocessing = 0;
		};
		843512A520BD3FA600DAA0EB /* Sources */ = {
			isa = PBXSourcesBuildPhase;
			buildActionMask = 2147483647;
			files = (
				843512AE20BD3FA600DAA0EB /* GitHubRepoSearchTests.swift in Sources */,
			);
			runOnlyForDeploymentPostprocessing = 0;
		};
/* End PBXSourcesBuildPhase section */

/* Begin PBXTargetDependency section */
		843512AB20BD3FA600DAA0EB /* PBXTargetDependency */ = {
			isa = PBXTargetDependency;
			target = 8435129420BD3FA500DAA0EB /* GitHubRepoSearch */;
			targetProxy = 843512AA20BD3FA600DAA0EB /* PBXContainerItemProxy */;
		};
/* End PBXTargetDependency section */

/* Begin PBXVariantGroup section */
		843512A120BD3FA600DAA0EB /* LaunchScreen.storyboard */ = {
			isa = PBXVariantGroup;
			children = (
				843512A220BD3FA600DAA0EB /* Base */,
			);
			name = LaunchScreen.storyboard;
			sourceTree = "<group>";
		};
/* End PBXVariantGroup section */

/* Begin XCBuildConfiguration section */
		843512B020BD3FA600DAA0EB /* Debug */ = {
			isa = XCBuildConfiguration;
			buildSettings = {
				ALWAYS_SEARCH_USER_PATHS = NO;
				CLANG_ANALYZER_NONNULL = YES;
				CLANG_ANALYZER_NUMBER_OBJECT_CONVERSION = YES_AGGRESSIVE;
				CLANG_CXX_LANGUAGE_STANDARD = "gnu++14";
				CLANG_CXX_LIBRARY = "libc++";
				CLANG_ENABLE_MODULES = YES;
				CLANG_ENABLE_OBJC_ARC = YES;
				CLANG_ENABLE_OBJC_WEAK = YES;
				CLANG_WARN_BLOCK_CAPTURE_AUTORELEASING = YES;
				CLANG_WARN_BOOL_CONVERSION = YES;
				CLANG_WARN_COMMA = YES;
				CLANG_WARN_CONSTANT_CONVERSION = YES;
				CLANG_WARN_DEPRECATED_OBJC_IMPLEMENTATIONS = YES;
				CLANG_WARN_DIRECT_OBJC_ISA_USAGE = YES_ERROR;
				CLANG_WARN_DOCUMENTATION_COMMENTS = YES;
				CLANG_WARN_EMPTY_BODY = YES;
				CLANG_WARN_ENUM_CONVERSION = YES;
				CLANG_WARN_INFINITE_RECURSION = YES;
				CLANG_WARN_INT_CONVERSION = YES;
				CLANG_WARN_NON_LITERAL_NULL_CONVERSION = YES;
				CLANG_WARN_OBJC_IMPLICIT_RETAIN_SELF = YES;
				CLANG_WARN_OBJC_LITERAL_CONVERSION = YES;
				CLANG_WARN_OBJC_ROOT_CLASS = YES_ERROR;
				CLANG_WARN_RANGE_LOOP_ANALYSIS = YES;
				CLANG_WARN_STRICT_PROTOTYPES = YES;
				CLANG_WARN_SUSPICIOUS_MOVE = YES;
				CLANG_WARN_UNGUARDED_AVAILABILITY = YES_AGGRESSIVE;
				CLANG_WARN_UNREACHABLE_CODE = YES;
				CLANG_WARN__DUPLICATE_METHOD_MATCH = YES;
				CODE_SIGN_IDENTITY = "iPhone Developer";
				COPY_PHASE_STRIP = NO;
				DEBUG_INFORMATION_FORMAT = dwarf;
				ENABLE_STRICT_OBJC_MSGSEND = YES;
				ENABLE_TESTABILITY = YES;
				GCC_C_LANGUAGE_STANDARD = gnu11;
				GCC_DYNAMIC_NO_PIC = NO;
				GCC_NO_COMMON_BLOCKS = YES;
				GCC_OPTIMIZATION_LEVEL = 0;
				GCC_PREPROCESSOR_DEFINITIONS = (
					"DEBUG=1",
					"$(inherited)",
				);
				GCC_WARN_64_TO_32_BIT_CONVERSION = YES;
				GCC_WARN_ABOUT_RETURN_TYPE = YES_ERROR;
				GCC_WARN_UNDECLARED_SELECTOR = YES;
				GCC_WARN_UNINITIALIZED_AUTOS = YES_AGGRESSIVE;
				GCC_WARN_UNUSED_FUNCTION = YES;
				GCC_WARN_UNUSED_VARIABLE = YES;
				IPHONEOS_DEPLOYMENT_TARGET = 11.3;
				MTL_ENABLE_DEBUG_INFO = YES;
				ONLY_ACTIVE_ARCH = YES;
				SDKROOT = iphoneos;
				SWIFT_ACTIVE_COMPILATION_CONDITIONS = DEBUG;
				SWIFT_OPTIMIZATION_LEVEL = "-Onone";
			};
			name = Debug;
		};
		843512B120BD3FA600DAA0EB /* Release */ = {
			isa = XCBuildConfiguration;
			buildSettings = {
				ALWAYS_SEARCH_USER_PATHS = NO;
				CLANG_ANALYZER_NONNULL = YES;
				CLANG_ANALYZER_NUMBER_OBJECT_CONVERSION = YES_AGGRESSIVE;
				CLANG_CXX_LANGUAGE_STANDARD = "gnu++14";
				CLANG_CXX_LIBRARY = "libc++";
				CLANG_ENABLE_MODULES = YES;
				CLANG_ENABLE_OBJC_ARC = YES;
				CLANG_ENABLE_OBJC_WEAK = YES;
				CLANG_WARN_BLOCK_CAPTURE_AUTORELEASING = YES;
				CLANG_WARN_BOOL_CONVERSION = YES;
				CLANG_WARN_COMMA = YES;
				CLANG_WARN_CONSTANT_CONVERSION = YES;
				CLANG_WARN_DEPRECATED_OBJC_IMPLEMENTATIONS = YES;
				CLANG_WARN_DIRECT_OBJC_ISA_USAGE = YES_ERROR;
				CLANG_WARN_DOCUMENTATION_COMMENTS = YES;
				CLANG_WARN_EMPTY_BODY = YES;
				CLANG_WARN_ENUM_CONVERSION = YES;
				CLANG_WARN_INFINITE_RECURSION = YES;
				CLANG_WARN_INT_CONVERSION = YES;
				CLANG_WARN_NON_LITERAL_NULL_CONVERSION = YES;
				CLANG_WARN_OBJC_IMPLICIT_RETAIN_SELF = YES;
				CLANG_WARN_OBJC_LITERAL_CONVERSION = YES;
				CLANG_WARN_OBJC_ROOT_CLASS = YES_ERROR;
				CLANG_WARN_RANGE_LOOP_ANALYSIS = YES;
				CLANG_WARN_STRICT_PROTOTYPES = YES;
				CLANG_WARN_SUSPICIOUS_MOVE = YES;
				CLANG_WARN_UNGUARDED_AVAILABILITY = YES_AGGRESSIVE;
				CLANG_WARN_UNREACHABLE_CODE = YES;
				CLANG_WARN__DUPLICATE_METHOD_MATCH = YES;
				CODE_SIGN_IDENTITY = "iPhone Developer";
				COPY_PHASE_STRIP = NO;
				DEBUG_INFORMATION_FORMAT = "dwarf-with-dsym";
				ENABLE_NS_ASSERTIONS = NO;
				ENABLE_STRICT_OBJC_MSGSEND = YES;
				GCC_C_LANGUAGE_STANDARD = gnu11;
				GCC_NO_COMMON_BLOCKS = YES;
				GCC_WARN_64_TO_32_BIT_CONVERSION = YES;
				GCC_WARN_ABOUT_RETURN_TYPE = YES_ERROR;
				GCC_WARN_UNDECLARED_SELECTOR = YES;
				GCC_WARN_UNINITIALIZED_AUTOS = YES_AGGRESSIVE;
				GCC_WARN_UNUSED_FUNCTION = YES;
				GCC_WARN_UNUSED_VARIABLE = YES;
				IPHONEOS_DEPLOYMENT_TARGET = 11.3;
				MTL_ENABLE_DEBUG_INFO = NO;
				SDKROOT = iphoneos;
				SWIFT_COMPILATION_MODE = wholemodule;
				SWIFT_OPTIMIZATION_LEVEL = "-O";
				VALIDATE_PRODUCT = YES;
			};
			name = Release;
		};
		843512B320BD3FA600DAA0EB /* Debug */ = {
			isa = XCBuildConfiguration;
			baseConfigurationReference = 163AB32A73CA5F58A654F6D1 /* Pods-GitHubRepoSearch.debug.xcconfig */;
			buildSettings = {
				ASSETCATALOG_COMPILER_APPICON_NAME = AppIcon;
				CODE_SIGN_STYLE = Automatic;
				DEVELOPMENT_TEAM = TGE7YRQW2V;
				INFOPLIST_FILE = GitHubRepoSearch/Info.plist;
				LD_RUNPATH_SEARCH_PATHS = (
					"$(inherited)",
					"@executable_path/Frameworks",
				);
				PRODUCT_BUNDLE_IDENTIFIER = com.tim.GitHubRepoSearch;
				PRODUCT_NAME = "$(TARGET_NAME)";
				SWIFT_VERSION = 4.0;
				TARGETED_DEVICE_FAMILY = "1,2";
			};
			name = Debug;
		};
		843512B420BD3FA600DAA0EB /* Release */ = {
			isa = XCBuildConfiguration;
			baseConfigurationReference = 000CABED0E0D6DF6CD0CD996 /* Pods-GitHubRepoSearch.release.xcconfig */;
			buildSettings = {
				ASSETCATALOG_COMPILER_APPICON_NAME = AppIcon;
				CODE_SIGN_STYLE = Automatic;
				DEVELOPMENT_TEAM = TGE7YRQW2V;
				INFOPLIST_FILE = GitHubRepoSearch/Info.plist;
				LD_RUNPATH_SEARCH_PATHS = (
					"$(inherited)",
					"@executable_path/Frameworks",
				);
				PRODUCT_BUNDLE_IDENTIFIER = com.tim.GitHubRepoSearch;
				PRODUCT_NAME = "$(TARGET_NAME)";
				SWIFT_VERSION = 4.0;
				TARGETED_DEVICE_FAMILY = "1,2";
			};
			name = Release;
		};
		843512B620BD3FA600DAA0EB /* Debug */ = {
			isa = XCBuildConfiguration;
			buildSettings = {
				ALWAYS_EMBED_SWIFT_STANDARD_LIBRARIES = YES;
				BUNDLE_LOADER = "$(TEST_HOST)";
				CODE_SIGN_STYLE = Automatic;
				DEVELOPMENT_TEAM = TGE7YRQW2V;
				INFOPLIST_FILE = GitHubRepoSearchTests/Info.plist;
				LD_RUNPATH_SEARCH_PATHS = (
					"$(inherited)",
					"@executable_path/Frameworks",
					"@loader_path/Frameworks",
				);
				PRODUCT_BUNDLE_IDENTIFIER = com.tim.GitHubRepoSearchTests;
				PRODUCT_NAME = "$(TARGET_NAME)";
				SWIFT_VERSION = 4.0;
				TARGETED_DEVICE_FAMILY = "1,2";
				TEST_HOST = "$(BUILT_PRODUCTS_DIR)/GitHubRepoSearch.app/GitHubRepoSearch";
			};
			name = Debug;
		};
		843512B720BD3FA600DAA0EB /* Release */ = {
			isa = XCBuildConfiguration;
			buildSettings = {
				ALWAYS_EMBED_SWIFT_STANDARD_LIBRARIES = YES;
				BUNDLE_LOADER = "$(TEST_HOST)";
				CODE_SIGN_STYLE = Automatic;
				DEVELOPMENT_TEAM = TGE7YRQW2V;
				INFOPLIST_FILE = GitHubRepoSearchTests/Info.plist;
				LD_RUNPATH_SEARCH_PATHS = (
					"$(inherited)",
					"@executable_path/Frameworks",
					"@loader_path/Frameworks",
				);
				PRODUCT_BUNDLE_IDENTIFIER = com.tim.GitHubRepoSearchTests;
				PRODUCT_NAME = "$(TARGET_NAME)";
				SWIFT_VERSION = 4.0;
				TARGETED_DEVICE_FAMILY = "1,2";
				TEST_HOST = "$(BUILT_PRODUCTS_DIR)/GitHubRepoSearch.app/GitHubRepoSearch";
			};
			name = Release;
		};
/* End XCBuildConfiguration section */

/* Begin XCConfigurationList section */
		8435129020BD3FA500DAA0EB /* Build configuration list for PBXProject "GitHubRepoSearch" */ = {
			isa = XCConfigurationList;
			buildConfigurations = (
				843512B020BD3FA600DAA0EB /* Debug */,
				843512B120BD3FA600DAA0EB /* Release */,
			);
			defaultConfigurationIsVisible = 0;
			defaultConfigurationName = Release;
		};
		843512B220BD3FA600DAA0EB /* Build configuration list for PBXNativeTarget "GitHubRepoSearch" */ = {
			isa = XCConfigurationList;
			buildConfigurations = (
				843512B320BD3FA600DAA0EB /* Debug */,
				843512B420BD3FA600DAA0EB /* Release */,
			);
			defaultConfigurationIsVisible = 0;
			defaultConfigurationName = Release;
		};
		843512B520BD3FA600DAA0EB /* Build configuration list for PBXNativeTarget "GitHubRepoSearchTests" */ = {
			isa = XCConfigurationList;
			buildConfigurations = (
				843512B620BD3FA600DAA0EB /* Debug */,
				843512B720BD3FA600DAA0EB /* Release */,
			);
			defaultConfigurationIsVisible = 0;
			defaultConfigurationName = Release;
		};
/* End XCConfigurationList section */
	};
	rootObject = 8435128D20BD3FA500DAA0EB /* Project object */;
}
